
Microsoft Visual Studio Solution File, Format Version 12.00
# Visual Studio Version 16
VisualStudioVersion = 16.0.31702.278
MinimumVisualStudioVersion = 10.0.40219.1
Project("{FAE04EC0-301F-11D3-BF4B-00C04F79EFBC}") = "Spellforce Data Editor", "SpellforceDataEditor\Spellforce Data Editor.csproj", "{DFF717D0-DD24-44E5-9EDB-3633E1A2438C}"
EndProject
Project("{FAE04EC0-301F-11D3-BF4B-00C04F79EFBC}") = "MapViewerNetNative", "MapViewerNetNative\MapViewerNetNative.csproj", "{25D72628-BDB8-4B0E-8A84-FD800D1D0DFA}"
EndProject
Project("{FAE04EC0-301F-11D3-BF4B-00C04F79EFBC}") = "SFEngine", "SFEngine\SFEngine.csproj", "{DD55FDE3-46AC-4558-9665-0F0CD25E5289}"
EndProject
Global
	GlobalSection(SolutionConfigurationPlatforms) = preSolution
		Debug|Any CPU = Debug|Any CPU
		Release|Any CPU = Release|Any CPU
	EndGlobalSection
	GlobalSection(ProjectConfigurationPlatforms) = postSolution
		{DFF717D0-DD24-44E5-9EDB-3633E1A2438C}.Debug|Any CPU.ActiveCfg = Debug|Any CPU
		{DFF717D0-DD24-44E5-9EDB-3633E1A2438C}.Debug|Any CPU.Build.0 = Debug|Any CPU
		{DFF717D0-DD24-44E5-9EDB-3633E1A2438C}.Release|Any CPU.ActiveCfg = Release|Any CPU
		{DFF717D0-DD24-44E5-9EDB-3633E1A2438C}.Release|Any CPU.Build.0 = Release|Any CPU
		{25D72628-BDB8-4B0E-8A84-FD800D1D0DFA}.Debug|Any CPU.ActiveCfg = Debug|Any CPU
		{25D72628-BDB8-4B0E-8A84-FD800D1D0DFA}.Debug|Any CPU.Build.0 = Debug|Any CPU
		{25D72628-BDB8-4B0E-8A84-FD800D1D0DFA}.Release|Any CPU.ActiveCfg = Release|Any CPU
		{25D72628-BDB8-4B0E-8A84-FD800D1D0DFA}.Release|Any CPU.Build.0 = Release|Any CPU
		{DD55FDE3-46AC-4558-9665-0F0CD25E5289}.Debug|Any CPU.ActiveCfg = Debug|Any CPU
		{DD55FDE3-46AC-4558-9665-0F0CD25E5289}.Debug|Any CPU.Build.0 = Debug|Any CPU
		{DD55FDE3-46AC-4558-9665-0F0CD25E5289}.Release|Any CPU.ActiveCfg = Release|Any CPU
		{DD55FDE3-46AC-4558-9665-0F0CD25E5289}.Release|Any CPU.Build.0 = Release|Any CPU
	EndGlobalSection
	GlobalSection(SolutionProperties) = preSolution
		HideSolutionNode = FALSE
	EndGlobalSection
	GlobalSection(ExtensibilityGlobals) = postSolution
		SolutionGuid = {12C0042B-0D4A-4A54-900A-74F59114A955}
	EndGlobalSection
EndGlobal
